// !$*UTF8*$!
{
	archiveVersion = 1;
	classes = {
	};
	objectVersion = 56;
	objects = {

/* Begin PBXBuildFile section */
		5528B2DE2C2EEB330003FD7B /* Search.swift in Sources */ = {isa = PBXBuildFile; fileRef = 5528B2DD2C2EEB330003FD7B /* Search.swift */; };
		5528B2E02C2EF12E0003FD7B /* SongManager.swift in Sources */ = {isa = PBXBuildFile; fileRef = 5528B2DF2C2EF12E0003FD7B /* SongManager.swift */; };
		555DA1872C2C38AA00D450C6 /* SongsModel.swift in Sources */ = {isa = PBXBuildFile; fileRef = 555DA1862C2C38AA00D450C6 /* SongsModel.swift */; };
		555DA1892C2C390B00D450C6 /* TagsModel.swift in Sources */ = {isa = PBXBuildFile; fileRef = 555DA1882C2C390B00D450C6 /* TagsModel.swift */; };
		55B041CA2C2ACF13009DEB4D /* Music_AppApp.swift in Sources */ = {isa = PBXBuildFile; fileRef = 55B041C92C2ACF13009DEB4D /* Music_AppApp.swift */; };
		55B041CC2C2ACF13009DEB4D /* ContentView.swift in Sources */ = {isa = PBXBuildFile; fileRef = 55B041CB2C2ACF13009DEB4D /* ContentView.swift */; };
		55B041CE2C2ACF16009DEB4D /* Assets.xcassets in Resources */ = {isa = PBXBuildFile; fileRef = 55B041CD2C2ACF16009DEB4D /* Assets.xcassets */; };
		55B041D12C2ACF16009DEB4D /* Preview Assets.xcassets in Resources */ = {isa = PBXBuildFile; fileRef = 55B041D02C2ACF16009DEB4D /* Preview Assets.xcassets */; };
		55B041D82C2ACFD3009DEB4D /* Home.swift in Sources */ = {isa = PBXBuildFile; fileRef = 55B041D72C2ACFD3009DEB4D /* Home.swift */; };
		55B041DA2C2AD839009DEB4D /* MusicInfo.swift in Sources */ = {isa = PBXBuildFile; fileRef = 55B041D92C2AD839009DEB4D /* MusicInfo.swift */; };
		55B041DC2C2AE5C7009DEB4D /* MusicView.swift in Sources */ = {isa = PBXBuildFile; fileRef = 55B041DB2C2AE5C7009DEB4D /* MusicView.swift */; };
/* End PBXBuildFile section */

/* Begin PBXFileReference section */
		5528B2DD2C2EEB330003FD7B /* Search.swift */ = {isa = PBXFileReference; lastKnownFileType = sourcecode.swift; path = Search.swift; sourceTree = "<group>"; };
		5528B2DF2C2EF12E0003FD7B /* SongManager.swift */ = {isa = PBXFileReference; lastKnownFileType = sourcecode.swift; path = SongManager.swift; sourceTree = "<group>"; };
		555DA1862C2C38AA00D450C6 /* SongsModel.swift */ = {isa = PBXFileReference; lastKnownFileType = sourcecode.swift; path = SongsModel.swift; sourceTree = "<group>"; };
		555DA1882C2C390B00D450C6 /* TagsModel.swift */ = {isa = PBXFileReference; lastKnownFileType = sourcecode.swift; path = TagsModel.swift; sourceTree = "<group>"; };
		55B041C62C2ACF13009DEB4D /* Music App.app */ = {isa = PBXFileReference; explicitFileType = wrapper.application; includeInIndex = 0; path = "Music App.app"; sourceTree = BUILT_PRODUCTS_DIR; };
		55B041C92C2ACF13009DEB4D /* Music_AppApp.swift */ = {isa = PBXFileReference; lastKnownFileType = sourcecode.swift; path = Music_AppApp.swift; sourceTree = "<group>"; };
		55B041CB2C2ACF13009DEB4D /* ContentView.swift */ = {isa = PBXFileReference; lastKnownFileType = sourcecode.swift; path = ContentView.swift; sourceTree = "<group>"; };
		55B041CD2C2ACF16009DEB4D /* Assets.xcassets */ = {isa = PBXFileReference; lastKnownFileType = folder.assetcatalog; path = Assets.xcassets; sourceTree = "<group>"; };
		55B041D02C2ACF16009DEB4D /* Preview Assets.xcassets */ = {isa = PBXFileReference; lastKnownFileType = folder.assetcatalog; path = "Preview Assets.xcassets"; sourceTree = "<group>"; };
		55B041D72C2ACFD3009DEB4D /* Home.swift */ = {isa = PBXFileReference; lastKnownFileType = sourcecode.swift; path = Home.swift; sourceTree = "<group>"; };
		55B041D92C2AD839009DEB4D /* MusicInfo.swift */ = {isa = PBXFileReference; lastKnownFileType = sourcecode.swift; path = MusicInfo.swift; sourceTree = "<group>"; };
		55B041DB2C2AE5C7009DEB4D /* MusicView.swift */ = {isa = PBXFileReference; lastKnownFileType = sourcecode.swift; path = MusicView.swift; sourceTree = "<group>"; };
/* End PBXFileReference section */

/* Begin PBXFrameworksBuildPhase section */
		55B041C32C2ACF13009DEB4D /* Frameworks */ = {
			isa = PBXFrameworksBuildPhase;
			buildActionMask = 2147483647;
			files = (
			);
			runOnlyForDeploymentPostprocessing = 0;
		};
/* End PBXFrameworksBuildPhase section */

/* Begin PBXGroup section */
		555DA1852C2C388700D450C6 /* Models */ = {
			isa = PBXGroup;
			children = (
				555DA1862C2C38AA00D450C6 /* SongsModel.swift */,
				555DA1882C2C390B00D450C6 /* TagsModel.swift */,
			);
			path = Models;
			sourceTree = "<group>";
		};
		55B041BD2C2ACF13009DEB4D = {
			isa = PBXGroup;
			children = (
				55B041C82C2ACF13009DEB4D /* Music App */,
				55B041C72C2ACF13009DEB4D /* Products */,
			);
			sourceTree = "<group>";
		};
		55B041C72C2ACF13009DEB4D /* Products */ = {
			isa = PBXGroup;
			children = (
				55B041C62C2ACF13009DEB4D /* Music App.app */,
			);
			name = Products;
			sourceTree = "<group>";
		};
		55B041C82C2ACF13009DEB4D /* Music App */ = {
			isa = PBXGroup;
			children = (
				55B041C92C2ACF13009DEB4D /* Music_AppApp.swift */,
				555DA1852C2C388700D450C6 /* Models */,
				55B041CB2C2ACF13009DEB4D /* ContentView.swift */,
				5528B2DF2C2EF12E0003FD7B /* SongManager.swift */,
				55B041D92C2AD839009DEB4D /* MusicInfo.swift */,
				55B041D72C2ACFD3009DEB4D /* Home.swift */,
				5528B2DD2C2EEB330003FD7B /* Search.swift */,
				55B041DB2C2AE5C7009DEB4D /* MusicView.swift */,
				55B041CD2C2ACF16009DEB4D /* Assets.xcassets */,
				55B041CF2C2ACF16009DEB4D /* Preview Content */,
			);
			path = "Music App";
			sourceTree = "<group>";
		};
		55B041CF2C2ACF16009DEB4D /* Preview Content */ = {
			isa = PBXGroup;
			children = (
				55B041D02C2ACF16009DEB4D /* Preview Assets.xcassets */,
			);
			path = "Preview Content";
			sourceTree = "<group>";
		};
/* End PBXGroup section */

/* Begin PBXNativeTarget section */
		55B041C52C2ACF13009DEB4D /* Music App */ = {
			isa = PBXNativeTarget;
			buildConfigurationList = 55B041D42C2ACF16009DEB4D /* Build configuration list for PBXNativeTarget "Music App" */;
			buildPhases = (
				55B041C22C2ACF13009DEB4D /* Sources */,
				55B041C32C2ACF13009DEB4D /* Frameworks */,
				55B041C42C2ACF13009DEB4D /* Resources */,
			);
			buildRules = (
			);
			dependencies = (
			);
			name = "Music App";
			productName = "Music App";
			productReference = 55B041C62C2ACF13009DEB4D /* Music App.app */;
			productType = "com.apple.product-type.application";
		};
/* End PBXNativeTarget section */

/* Begin PBXProject section */
		55B041BE2C2ACF13009DEB4D /* Project object */ = {
			isa = PBXProject;
			attributes = {
				BuildIndependentTargetsInParallel = 1;
				LastSwiftUpdateCheck = 1540;
				LastUpgradeCheck = 1540;
				TargetAttributes = {
					55B041C52C2ACF13009DEB4D = {
						CreatedOnToolsVersion = 15.4;
					};
				};
			};
			buildConfigurationList = 55B041C12C2ACF13009DEB4D /* Build configuration list for PBXProject "Music App" */;
			compatibilityVersion = "Xcode 14.0";
			developmentRegion = en;
			hasScannedForEncodings = 0;
			knownRegions = (
				en,
				Base,
			);
			mainGroup = 55B041BD2C2ACF13009DEB4D;
			productRefGroup = 55B041C72C2ACF13009DEB4D /* Products */;
			projectDirPath = "";
			projectRoot = "";
			targets = (
				55B041C52C2ACF13009DEB4D /* Music App */,
			);
		};
/* End PBXProject section */

/* Begin PBXResourcesBuildPhase section */
		55B041C42C2ACF13009DEB4D /* Resources */ = {
			isa = PBXResourcesBuildPhase;
			buildActionMask = 2147483647;
			files = (
				55B041D12C2ACF16009DEB4D /* Preview Assets.xcassets in Resources */,
				55B041CE2C2ACF16009DEB4D /* Assets.xcassets in Resources */,
			);
			runOnlyForDeploymentPostprocessing = 0;
		};
/* End PBXResourcesBuildPhase section */

/* Begin PBXSourcesBuildPhase section */
		55B041C22C2ACF13009DEB4D /* Sources */ = {
			isa = PBXSourcesBuildPhase;
			buildActionMask = 2147483647;
			files = (
				555DA1892C2C390B00D450C6 /* TagsModel.swift in Sources */,
				55B041CC2C2ACF13009DEB4D /* ContentView.swift in Sources */,
				55B041D82C2ACFD3009DEB4D /* Home.swift in Sources */,
				55B041DC2C2AE5C7009DEB4D /* MusicView.swift in Sources */,
				55B041CA2C2ACF13009DEB4D /* Music_AppApp.swift in Sources */,
				5528B2DE2C2EEB330003FD7B /* Search.swift in Sources */,
				5528B2E02C2EF12E0003FD7B /* SongManager.swift in Sources */,
				555DA1872C2C38AA00D450C6 /* SongsModel.swift in Sources */,
				55B041DA2C2AD839009DEB4D /* MusicInfo.swift in Sources */,
			);
			runOnlyForDeploymentPostprocessing = 0;
		};
/* End PBXSourcesBuildPhase section */

/* Begin XCBuildConfiguration section */
		55B041D22C2ACF16009DEB4D /* Debug */ = {
			isa = XCBuildConfiguration;
			buildSettings = {
				ALWAYS_SEARCH_USER_PATHS = NO;
				ASSETCATALOG_COMPILER_GENERATE_SWIFT_ASSET_SYMBOL_EXTENSIONS = YES;
				CLANG_ANALYZER_NONNULL = YES;
				CLANG_ANALYZER_NUMBER_OBJECT_CONVERSION = YES_AGGRESSIVE;
				CLANG_CXX_LANGUAGE_STANDARD = "gnu++20";
				CLANG_ENABLE_MODULES = YES;
				CLANG_ENABLE_OBJC_ARC = YES;
				CLANG_ENABLE_OBJC_WEAK = YES;
				CLANG_WARN_BLOCK_CAPTURE_AUTORELEASING = YES;
				CLANG_WARN_BOOL_CONVERSION = YES;
				CLANG_WARN_COMMA = YES;
				CLANG_WARN_CONSTANT_CONVERSION = YES;
				CLANG_WARN_DEPRECATED_OBJC_IMPLEMENTATIONS = YES;
				CLANG_WARN_DIRECT_OBJC_ISA_USAGE = YES_ERROR;
				CLANG_WARN_DOCUMENTATION_COMMENTS = YES;
				CLANG_WARN_EMPTY_BODY = YES;
				CLANG_WARN_ENUM_CONVERSION = YES;
				CLANG_WARN_INFINITE_RECURSION = YES;
				CLANG_WARN_INT_CONVERSION = YES;
				CLANG_WARN_NON_LITERAL_NULL_CONVERSION = YES;
				CLANG_WARN_OBJC_IMPLICIT_RETAIN_SELF = YES;
				CLANG_WARN_OBJC_LITERAL_CONVERSION = YES;
				CLANG_WARN_OBJC_ROOT_CLASS = YES_ERROR;
				CLANG_WARN_QUOTED_INCLUDE_IN_FRAMEWORK_HEADER = YES;
				CLANG_WARN_RANGE_LOOP_ANALYSIS = YES;
				CLANG_WARN_STRICT_PROTOTYPES = YES;
				CLANG_WARN_SUSPICIOUS_MOVE = YES;
				CLANG_WARN_UNGUARDED_AVAILABILITY = YES_AGGRESSIVE;
				CLANG_WARN_UNREACHABLE_CODE = YES;
				CLANG_WARN__DUPLICATE_METHOD_MATCH = YES;
				COPY_PHASE_STRIP = NO;
				DEBUG_INFORMATION_FORMAT = dwarf;
				ENABLE_STRICT_OBJC_MSGSEND = YES;
				ENABLE_TESTABILITY = YES;
				ENABLE_USER_SCRIPT_SANDBOXING = YES;
				GCC_C_LANGUAGE_STANDARD = gnu17;
				GCC_DYNAMIC_NO_PIC = NO;
				GCC_NO_COMMON_BLOCKS = YES;
				GCC_OPTIMIZATION_LEVEL = 0;
				GCC_PREPROCESSOR_DEFINITIONS = (
					"DEBUG=1",
					"$(inherited)",
				);
				GCC_WARN_64_TO_32_BIT_CONVERSION = YES;
				GCC_WARN_ABOUT_RETURN_TYPE = YES_ERROR;
				GCC_WARN_UNDECLARED_SELECTOR = YES;
				GCC_WARN_UNINITIALIZED_AUTOS = YES_AGGRESSIVE;
				GCC_WARN_UNUSED_FUNCTION = YES;
				GCC_WARN_UNUSED_VARIABLE = YES;
				IPHONEOS_DEPLOYMENT_TARGET = 17.5;
				LOCALIZATION_PREFERS_STRING_CATALOGS = YES;
				MTL_ENABLE_DEBUG_INFO = INCLUDE_SOURCE;
				MTL_FAST_MATH = YES;
				ONLY_ACTIVE_ARCH = YES;
				SDKROOT = iphoneos;
				SWIFT_ACTIVE_COMPILATION_CONDITIONS = "DEBUG $(inherited)";
				SWIFT_OPTIMIZATION_LEVEL = "-Onone";
			};
			name = Debug;
		};
		55B041D32C2ACF16009DEB4D /* Release */ = {
			isa = XCBuildConfiguration;
			buildSettings = {
				ALWAYS_SEARCH_USER_PATHS = NO;
				ASSETCATALOG_COMPILER_GENERATE_SWIFT_ASSET_SYMBOL_EXTENSIONS = YES;
				CLANG_ANALYZER_NONNULL = YES;
				CLANG_ANALYZER_NUMBER_OBJECT_CONVERSION = YES_AGGRESSIVE;
				CLANG_CXX_LANGUAGE_STANDARD = "gnu++20";
				CLANG_ENABLE_MODULES = YES;
				CLANG_ENABLE_OBJC_ARC = YES;
				CLANG_ENABLE_OBJC_WEAK = YES;
				CLANG_WARN_BLOCK_CAPTURE_AUTORELEASING = YES;
				CLANG_WARN_BOOL_CONVERSION = YES;
				CLANG_WARN_COMMA = YES;
				CLANG_WARN_CONSTANT_CONVERSION = YES;
				CLANG_WARN_DEPRECATED_OBJC_IMPLEMENTATIONS = YES;
				CLANG_WARN_DIRECT_OBJC_ISA_USAGE = YES_ERROR;
				CLANG_WARN_DOCUMENTATION_COMMENTS = YES;
				CLANG_WARN_EMPTY_BODY = YES;
				CLANG_WARN_ENUM_CONVERSION = YES;
				CLANG_WARN_INFINITE_RECURSION = YES;
				CLANG_WARN_INT_CONVERSION = YES;
				CLANG_WARN_NON_LITERAL_NULL_CONVERSION = YES;
				CLANG_WARN_OBJC_IMPLICIT_RETAIN_SELF = YES;
				CLANG_WARN_OBJC_LITERAL_CONVERSION = YES;
				CLANG_WARN_OBJC_ROOT_CLASS = YES_ERROR;
				CLANG_WARN_QUOTED_INCLUDE_IN_FRAMEWORK_HEADER = YES;
				CLANG_WARN_RANGE_LOOP_ANALYSIS = YES;
				CLANG_WARN_STRICT_PROTOTYPES = YES;
				CLANG_WARN_SUSPICIOUS_MOVE = YES;
				CLANG_WARN_UNGUARDED_AVAILABILITY = YES_AGGRESSIVE;
				CLANG_WARN_UNREACHABLE_CODE = YES;
				CLANG_WARN__DUPLICATE_METHOD_MATCH = YES;
				COPY_PHASE_STRIP = NO;
				DEBUG_INFORMATION_FORMAT = "dwarf-with-dsym";
				ENABLE_NS_ASSERTIONS = NO;
				ENABLE_STRICT_OBJC_MSGSEND = YES;
				ENABLE_USER_SCRIPT_SANDBOXING = YES;
				GCC_C_LANGUAGE_STANDARD = gnu17;
				GCC_NO_COMMON_BLOCKS = YES;
				GCC_WARN_64_TO_32_BIT_CONVERSION = YES;
				GCC_WARN_ABOUT_RETURN_TYPE = YES_ERROR;
				GCC_WARN_UNDECLARED_SELECTOR = YES;
				GCC_WARN_UNINITIALIZED_AUTOS = YES_AGGRESSIVE;
				GCC_WARN_UNUSED_FUNCTION = YES;
				GCC_WARN_UNUSED_VARIABLE = YES;
				IPHONEOS_DEPLOYMENT_TARGET = 17.5;
				LOCALIZATION_PREFERS_STRING_CATALOGS = YES;
				MTL_ENABLE_DEBUG_INFO = NO;
				MTL_FAST_MATH = YES;
				SDKROOT = iphoneos;
				SWIFT_COMPILATION_MODE = wholemodule;
				VALIDATE_PRODUCT = YES;
			};
			name = Release;
		};
		55B041D52C2ACF16009DEB4D /* Debug */ = {
			isa = XCBuildConfiguration;
			buildSettings = {
				ASSETCATALOG_COMPILER_APPICON_NAME = AppIcon;
				ASSETCATALOG_COMPILER_GLOBAL_ACCENT_COLOR_NAME = AccentColor;
				CODE_SIGN_STYLE = Automatic;
				CURRENT_PROJECT_VERSION = 1;
				DEVELOPMENT_ASSET_PATHS = "\"Music App/Preview Content\"";
				ENABLE_PREVIEWS = YES;
				GENERATE_INFOPLIST_FILE = YES;
				INFOPLIST_KEY_UIApplicationSceneManifest_Generation = YES;
				INFOPLIST_KEY_UIApplicationSupportsIndirectInputEvents = YES;
				INFOPLIST_KEY_UILaunchScreen_Generation = YES;
				INFOPLIST_KEY_UISupportedInterfaceOrientations_iPad = "UIInterfaceOrientationPortrait UIInterfaceOrientationPortraitUpsideDown UIInterfaceOrientationLandscapeLeft UIInterfaceOrientationLandscapeRight";
				INFOPLIST_KEY_UISupportedInterfaceOrientations_iPhone = "UIInterfaceOrientationPortrait UIInterfaceOrientationLandscapeLeft UIInterfaceOrientationLandscapeRight";
				LD_RUNPATH_SEARCH_PATHS = (
					"$(inherited)",
					"@executable_path/Frameworks",
				);
				MARKETING_VERSION = 1.0;
				PRODUCT_BUNDLE_IDENTIFIER = "kushal.Music-App";
				PRODUCT_NAME = "$(TARGET_NAME)";
				SWIFT_EMIT_LOC_STRINGS = YES;
				SWIFT_VERSION = 5.0;
				TARGETED_DEVICE_FAMILY = "1,2";
			};
			name = Debug;
		};
		55B041D62C2ACF16009DEB4D /* Release */ = {
			isa = XCBuildConfiguration;
			buildSettings = {
				ASSETCATALOG_COMPILER_APPICON_NAME = AppIcon;
				ASSETCATALOG_COMPILER_GLOBAL_ACCENT_COLOR_NAME = AccentColor;
				CODE_SIGN_STYLE = Automatic;
				CURRENT_PROJECT_VERSION = 1;
				DEVELOPMENT_ASSET_PATHS = "\"Music App/Preview Content\"";
				ENABLE_PREVIEWS = YES;
				GENERATE_INFOPLIST_FILE = YES;
				INFOPLIST_KEY_UIApplicationSceneManifest_Generation = YES;
				INFOPLIST_KEY_UIApplicationSupportsIndirectInputEvents = YES;
				INFOPLIST_KEY_UILaunchScreen_Generation = YES;
				INFOPLIST_KEY_UISupportedInterfaceOrientations_iPad = "UIInterfaceOrientationPortrait UIInterfaceOrientationPortraitUpsideDown UIInterfaceOrientationLandscapeLeft UIInterfaceOrientationLandscapeRight";
				INFOPLIST_KEY_UISupportedInterfaceOrientations_iPhone = "UIInterfaceOrientationPortrait UIInterfaceOrientationLandscapeLeft UIInterfaceOrientationLandscapeRight";
				LD_RUNPATH_SEARCH_PATHS = (
					"$(inherited)",
					"@executable_path/Frameworks",
				);
				MARKETING_VERSION = 1.0;
				PRODUCT_BUNDLE_IDENTIFIER = "kushal.Music-App";
				PRODUCT_NAME = "$(TARGET_NAME)";
				SWIFT_EMIT_LOC_STRINGS = YES;
				SWIFT_VERSION = 5.0;
				TARGETED_DEVICE_FAMILY = "1,2";
			};
			name = Release;
		};
/* End XCBuildConfiguration section */

/* Begin XCConfigurationList section */
		55B041C12C2ACF13009DEB4D /* Build configuration list for PBXProject "Music App" */ = {
			isa = XCConfigurationList;
			buildConfigurations = (
				55B041D22C2ACF16009DEB4D /* Debug */,
				55B041D32C2ACF16009DEB4D /* Release */,
			);
			defaultConfigurationIsVisible = 0;
			defaultConfigurationName = Release;
		};
		55B041D42C2ACF16009DEB4D /* Build configuration list for PBXNativeTarget "Music App" */ = {
			isa = XCConfigurationList;
			buildConfigurations = (
				55B041D52C2ACF16009DEB4D /* Debug */,
				55B041D62C2ACF16009DEB4D /* Release */,
			);
			defaultConfigurationIsVisible = 0;
			defaultConfigurationName = Release;
		};
/* End XCConfigurationList section */
	};
	rootObject = 55B041BE2C2ACF13009DEB4D /* Project object */;
}
